
Microsoft Visual Studio Solution File, Format Version 12.00
# Visual Studio Version 17
VisualStudioVersion = 17.7.34031.279
MinimumVisualStudioVersion = 10.0.40219.1
Project("{FAE04EC0-301F-11D3-BF4B-00C04F79EFBC}") = "ExerciceSemaine12", "ExerciceSemaine12\ExerciceSemaine12.csproj", "{843B5C22-454A-4F21-96BE-438D61987605}"
EndProject
Global
	GlobalSection(SolutionConfigurationPlatforms) = preSolution
		Debug|Any CPU = Debug|Any CPU
		Release|Any CPU = Release|Any CPU
	EndGlobalSection
	GlobalSection(ProjectConfigurationPlatforms) = postSolution
		{843B5C22-454A-4F21-96BE-438D61987605}.Debug|Any CPU.ActiveCfg = Debug|Any CPU
		{843B5C22-454A-4F21-96BE-438D61987605}.Debug|Any CPU.Build.0 = Debug|Any CPU
		{843B5C22-454A-4F21-96BE-438D61987605}.Release|Any CPU.ActiveCfg = Release|Any CPU
		{843B5C22-454A-4F21-96BE-438D61987605}.Release|Any CPU.Build.0 = Release|Any CPU
	EndGlobalSection
	GlobalSection(SolutionProperties) = preSolution
		HideSolutionNode = FALSE
	EndGlobalSection
	GlobalSection(ExtensibilityGlobals) = postSolution
		SolutionGuid = {C0B6B8BC-02BF-41BA-B25F-12F8FCAD3DDC}
	EndGlobalSection
EndGlobal
